PODS:
  - SCLAlertView (0.7.0)
  - UpdateMe (0.1.0):
    - SCLAlertView

DEPENDENCIES:
  - UpdateMe (from `../UpdateMe`)

EXTERNAL SOURCES:
  UpdateMe:
    :path: ../UpdateMe

SPEC CHECKSUMS:
  SCLAlertView: 8a14ffc40590c619e183eed2298b854385f30be1
  UpdateMe: 7a969cfd3736d78265d5efdd24ccceded9fd3c2e

PODFILE CHECKSUM: 2107af64462da1769232e4c0fb1122bb184d6a4c

COCOAPODS: 1.3.1
